
Microsoft Visual Studio Solution File, Format Version 12.00
# Visual Studio Version 17
VisualStudioVersion = 17.7.34024.191
MinimumVisualStudioVersion = 10.0.40219.1
Project("{FAE04EC0-301F-11D3-BF4B-00C04F79EFBC}") = "helloworld1", "helloworld1\helloworld1.csproj", "{916BE7F2-D5BA-4BBE-91A1-ED2C80842909}"
EndProject
Global
	GlobalSection(SolutionConfigurationPlatforms) = preSolution
		Debug|Any CPU = Debug|Any CPU
		Release|Any CPU = Release|Any CPU
	EndGlobalSection
	GlobalSection(ProjectConfigurationPlatforms) = postSolution
		{916BE7F2-D5BA-4BBE-91A1-ED2C80842909}.Debug|Any CPU.ActiveCfg = Debug|Any CPU
		{916BE7F2-D5BA-4BBE-91A1-ED2C80842909}.Debug|Any CPU.Build.0 = Debug|Any CPU
		{916BE7F2-D5BA-4BBE-91A1-ED2C80842909}.Release|Any CPU.ActiveCfg = Release|Any CPU
		{916BE7F2-D5BA-4BBE-91A1-ED2C80842909}.Release|Any CPU.Build.0 = Release|Any CPU
	EndGlobalSection
	GlobalSection(SolutionProperties) = preSolution
		HideSolutionNode = FALSE
	EndGlobalSection
	GlobalSection(ExtensibilityGlobals) = postSolution
		SolutionGuid = {0A5B7413-3B4C-44E1-B504-DCA27114EB65}
	EndGlobalSection
EndGlobal
